
Microsoft Visual Studio Solution File, Format Version 12.00
# Visual Studio Version 16
VisualStudioVersion = 16.0.31019.35
MinimumVisualStudioVersion = 10.0.40219.1
Project("{FAE04EC0-301F-11D3-BF4B-00C04F79EFBC}") = "SceneMergerModule", "SceneMergerModule/SceneMergerModule.csproj", "{1F3255DE-9CC6-41AD-A9B2-9CEB2F32C8E6}"
EndProject
Project("{FAE04EC0-301F-11D3-BF4B-00C04F79EFBC}") = "SceneMergerExe", "SceneMergerExe/SceneMergerExe.csproj", "{19EE1CD2-F641-4AFB-8449-A894CD6EC3BA}"
EndProject
Global
	GlobalSection(SolutionConfigurationPlatforms) = preSolution
		Debug|Any CPU = Debug|Any CPU
		Release|Any CPU = Release|Any CPU
	EndGlobalSection
	GlobalSection(ProjectConfigurationPlatforms) = postSolution
		{1F3255DE-9CC6-41AD-A9B2-9CEB2F32C8E6}.Debug|Any CPU.ActiveCfg = Debug|Any CPU
		{1F3255DE-9CC6-41AD-A9B2-9CEB2F32C8E6}.Debug|Any CPU.Build.0 = Debug|Any CPU
		{1F3255DE-9CC6-41AD-A9B2-9CEB2F32C8E6}.Release|Any CPU.ActiveCfg = Release|Any CPU
		{1F3255DE-9CC6-41AD-A9B2-9CEB2F32C8E6}.Release|Any CPU.Build.0 = Release|Any CPU
		{19EE1CD2-F641-4AFB-8449-A894CD6EC3BA}.Debug|Any CPU.ActiveCfg = Debug|Any CPU
		{19EE1CD2-F641-4AFB-8449-A894CD6EC3BA}.Debug|Any CPU.Build.0 = Debug|Any CPU
		{19EE1CD2-F641-4AFB-8449-A894CD6EC3BA}.Release|Any CPU.ActiveCfg = Release|Any CPU
		{19EE1CD2-F641-4AFB-8449-A894CD6EC3BA}.Release|Any CPU.Build.0 = Release|Any CPU
	EndGlobalSection
	GlobalSection(SolutionProperties) = preSolution
		HideSolutionNode = FALSE
	EndGlobalSection
	GlobalSection(ExtensibilityGlobals) = postSolution
		SolutionGuid = {06C25E9A-E504-4118-AEC1-0EC06875640B}
	EndGlobalSection
EndGlobal
